
Microsoft Visual Studio Solution File, Format Version 12.00
# Visual Studio Version 16
VisualStudioVersion = 16.0.32802.440
MinimumVisualStudioVersion = 10.0.40219.1
Project("{FAE04EC0-301F-11D3-BF4B-00C04F79EFBC}") = "Unit5_AdapterPatternPatient_Blazor", "Unit5_AdapterPatternPatient_Blazor.csproj", "{44A9C090-43BF-4121-8364-D70E0E4DDDC9}"
EndProject
Global
	GlobalSection(SolutionConfigurationPlatforms) = preSolution
		Debug|Any CPU = Debug|Any CPU
		Release|Any CPU = Release|Any CPU
	EndGlobalSection
	GlobalSection(ProjectConfigurationPlatforms) = postSolution
		{44A9C090-43BF-4121-8364-D70E0E4DDDC9}.Debug|Any CPU.ActiveCfg = Debug|Any CPU
		{44A9C090-43BF-4121-8364-D70E0E4DDDC9}.Debug|Any CPU.Build.0 = Debug|Any CPU
		{44A9C090-43BF-4121-8364-D70E0E4DDDC9}.Release|Any CPU.ActiveCfg = Release|Any CPU
		{44A9C090-43BF-4121-8364-D70E0E4DDDC9}.Release|Any CPU.Build.0 = Release|Any CPU
	EndGlobalSection
	GlobalSection(SolutionProperties) = preSolution
		HideSolutionNode = FALSE
	EndGlobalSection
	GlobalSection(ExtensibilityGlobals) = postSolution
		SolutionGuid = {72BD42F6-9098-426D-AB3C-4157FAF31E78}
	EndGlobalSection
EndGlobal
